
Microsoft Visual Studio Solution File, Format Version 12.00
# Visual Studio Version 16
VisualStudioVersion = 16.0.30711.63
MinimumVisualStudioVersion = 10.0.40219.1
Project("{9A19103F-16F7-4668-BE54-9A1E7A4F7556}") = "KampIntro", "KampIntro\KampIntro.csproj", "{D8613059-30A8-4AA1-B739-B7688A7EFA61}"
EndProject
Project("{9A19103F-16F7-4668-BE54-9A1E7A4F7556}") = "Donguler", "Donguler\Donguler.csproj", "{ACDBC042-3E44-4728-8F15-34EC34AB27D0}"
EndProject
Project("{9A19103F-16F7-4668-BE54-9A1E7A4F7556}") = "ClassIntro", "ClassIntro\ClassIntro.csproj", "{A37DC08D-539E-4C05-A7D6-8577DB122F8F}"
EndProject
Project("{9A19103F-16F7-4668-BE54-9A1E7A4F7556}") = "Metotlar", "Metotlar\Metotlar.csproj", "{8F84F22F-9291-4571-890D-0B28665A92C7}"
EndProject
Project("{9A19103F-16F7-4668-BE54-9A1E7A4F7556}") = "Matematik", "Matematik\Matematik.csproj", "{3C2ECC3E-B60F-46B6-9B47-6C9DA99F52B2}"
EndProject
Project("{9A19103F-16F7-4668-BE54-9A1E7A4F7556}") = "DegerVeReferansTipler", "ConsoleApp1\DegerVeReferansTipler.csproj", "{A7D78804-649B-43AC-8B09-DF98DD5C01D6}"
EndProject
Project("{9A19103F-16F7-4668-BE54-9A1E7A4F7556}") = "Alistirmalar1", "Alistirmalar1\Alistirmalar1.csproj", "{90DA668E-6B7A-4263-9F07-82E3D02F09E8}"
EndProject
Project("{FAE04EC0-301F-11D3-BF4B-00C04F79EFBC}") = "OOP1", "OOP1\OOP1.csproj", "{93AE4352-6338-4B5D-A542-646A223CEC33}"
EndProject
Project("{FAE04EC0-301F-11D3-BF4B-00C04F79EFBC}") = "Collections", "Collections\Collections.csproj", "{61896238-9999-4985-B900-35C7B9A9372F}"
EndProject
Project("{FAE04EC0-301F-11D3-BF4B-00C04F79EFBC}") = "GenericsIntro", "GenericsIntro\GenericsIntro.csproj", "{CE8B6EB9-8791-4045-92B1-C0A0FDF46D17}"
EndProject
Global
	GlobalSection(SolutionConfigurationPlatforms) = preSolution
		Debug|Any CPU = Debug|Any CPU
		Release|Any CPU = Release|Any CPU
	EndGlobalSection
	GlobalSection(ProjectConfigurationPlatforms) = postSolution
		{D8613059-30A8-4AA1-B739-B7688A7EFA61}.Debug|Any CPU.ActiveCfg = Debug|Any CPU
		{D8613059-30A8-4AA1-B739-B7688A7EFA61}.Debug|Any CPU.Build.0 = Debug|Any CPU
		{D8613059-30A8-4AA1-B739-B7688A7EFA61}.Release|Any CPU.ActiveCfg = Release|Any CPU
		{D8613059-30A8-4AA1-B739-B7688A7EFA61}.Release|Any CPU.Build.0 = Release|Any CPU
		{ACDBC042-3E44-4728-8F15-34EC34AB27D0}.Debug|Any CPU.ActiveCfg = Debug|Any CPU
		{ACDBC042-3E44-4728-8F15-34EC34AB27D0}.Debug|Any CPU.Build.0 = Debug|Any CPU
		{ACDBC042-3E44-4728-8F15-34EC34AB27D0}.Release|Any CPU.ActiveCfg = Release|Any CPU
		{ACDBC042-3E44-4728-8F15-34EC34AB27D0}.Release|Any CPU.Build.0 = Release|Any CPU
		{A37DC08D-539E-4C05-A7D6-8577DB122F8F}.Debug|Any CPU.ActiveCfg = Debug|Any CPU
		{A37DC08D-539E-4C05-A7D6-8577DB122F8F}.Debug|Any CPU.Build.0 = Debug|Any CPU
		{A37DC08D-539E-4C05-A7D6-8577DB122F8F}.Release|Any CPU.ActiveCfg = Release|Any CPU
		{A37DC08D-539E-4C05-A7D6-8577DB122F8F}.Release|Any CPU.Build.0 = Release|Any CPU
		{8F84F22F-9291-4571-890D-0B28665A92C7}.Debug|Any CPU.ActiveCfg = Debug|Any CPU
		{8F84F22F-9291-4571-890D-0B28665A92C7}.Debug|Any CPU.Build.0 = Debug|Any CPU
		{8F84F22F-9291-4571-890D-0B28665A92C7}.Release|Any CPU.ActiveCfg = Release|Any CPU
		{8F84F22F-9291-4571-890D-0B28665A92C7}.Release|Any CPU.Build.0 = Release|Any CPU
		{3C2ECC3E-B60F-46B6-9B47-6C9DA99F52B2}.Debug|Any CPU.ActiveCfg = Debug|Any CPU
		{3C2ECC3E-B60F-46B6-9B47-6C9DA99F52B2}.Debug|Any CPU.Build.0 = Debug|Any CPU
		{3C2ECC3E-B60F-46B6-9B47-6C9DA99F52B2}.Release|Any CPU.ActiveCfg = Release|Any CPU
		{3C2ECC3E-B60F-46B6-9B47-6C9DA99F52B2}.Release|Any CPU.Build.0 = Release|Any CPU
		{A7D78804-649B-43AC-8B09-DF98DD5C01D6}.Debug|Any CPU.ActiveCfg = Debug|Any CPU
		{A7D78804-649B-43AC-8B09-DF98DD5C01D6}.Debug|Any CPU.Build.0 = Debug|Any CPU
		{A7D78804-649B-43AC-8B09-DF98DD5C01D6}.Release|Any CPU.ActiveCfg = Release|Any CPU
		{A7D78804-649B-43AC-8B09-DF98DD5C01D6}.Release|Any CPU.Build.0 = Release|Any CPU
		{90DA668E-6B7A-4263-9F07-82E3D02F09E8}.Debug|Any CPU.ActiveCfg = Debug|Any CPU
		{90DA668E-6B7A-4263-9F07-82E3D02F09E8}.Debug|Any CPU.Build.0 = Debug|Any CPU
		{90DA668E-6B7A-4263-9F07-82E3D02F09E8}.Release|Any CPU.ActiveCfg = Release|Any CPU
		{90DA668E-6B7A-4263-9F07-82E3D02F09E8}.Release|Any CPU.Build.0 = Release|Any CPU
		{93AE4352-6338-4B5D-A542-646A223CEC33}.Debug|Any CPU.ActiveCfg = Debug|Any CPU
		{93AE4352-6338-4B5D-A542-646A223CEC33}.Debug|Any CPU.Build.0 = Debug|Any CPU
		{93AE4352-6338-4B5D-A542-646A223CEC33}.Release|Any CPU.ActiveCfg = Release|Any CPU
		{93AE4352-6338-4B5D-A542-646A223CEC33}.Release|Any CPU.Build.0 = Release|Any CPU
		{61896238-9999-4985-B900-35C7B9A9372F}.Debug|Any CPU.ActiveCfg = Debug|Any CPU
		{61896238-9999-4985-B900-35C7B9A9372F}.Debug|Any CPU.Build.0 = Debug|Any CPU
		{61896238-9999-4985-B900-35C7B9A9372F}.Release|Any CPU.ActiveCfg = Release|Any CPU
		{61896238-9999-4985-B900-35C7B9A9372F}.Release|Any CPU.Build.0 = Release|Any CPU
		{CE8B6EB9-8791-4045-92B1-C0A0FDF46D17}.Debug|Any CPU.ActiveCfg = Debug|Any CPU
		{CE8B6EB9-8791-4045-92B1-C0A0FDF46D17}.Debug|Any CPU.Build.0 = Debug|Any CPU
		{CE8B6EB9-8791-4045-92B1-C0A0FDF46D17}.Release|Any CPU.ActiveCfg = Release|Any CPU
		{CE8B6EB9-8791-4045-92B1-C0A0FDF46D17}.Release|Any CPU.Build.0 = Release|Any CPU
	EndGlobalSection
	GlobalSection(SolutionProperties) = preSolution
		HideSolutionNode = FALSE
	EndGlobalSection
	GlobalSection(ExtensibilityGlobals) = postSolution
		SolutionGuid = {D1B16FAB-A26F-4014-955A-4F6B95465D37}
	EndGlobalSection
EndGlobal
